
Microsoft Visual Studio Solution File, Format Version 12.00
# Visual Studio 14
VisualStudioVersion = 14.0.25123.0
MinimumVisualStudioVersion = 12.0
Project("{8BC9CEB8-8B4A-11D0-8D11-00A0C91BC942}") = "SampleDisplay", "Sample\SampleDisplay.vcxproj", "{667E9655-203F-4300-A246-8D5E88D7B571}"
EndProject
Global
	GlobalSection(SolutionConfigurationPlatforms) = preSolution
		Debug|ARM = Debug|ARM
		Release|ARM = Release|ARM
	EndGlobalSection
	GlobalSection(ProjectConfigurationPlatforms) = postSolution
		{667E9655-203F-4300-A246-8D5E88D7B571}.Debug|ARM.ActiveCfg = Debug|ARM
		{667E9655-203F-4300-A246-8D5E88D7B571}.Debug|ARM.Build.0 = Debug|ARM
		{667E9655-203F-4300-A246-8D5E88D7B571}.Release|ARM.ActiveCfg = Release|Win32
	EndGlobalSection
	GlobalSection(SolutionProperties) = preSolution
		HideSolutionNode = FALSE
	EndGlobalSection
EndGlobal
